
Microsoft Visual Studio Solution File, Format Version 12.00
# Visual Studio 15
VisualStudioVersion = 15.0.26730.16
MinimumVisualStudioVersion = 10.0.40219.1
Project("{E24C65DC-7377-472B-9ABA-BC803B73C61A}") = "s_interface_online", "E:\S_Interface\s_interface_online\", "{3AF2E4F7-2440-4303-AD39-303413992428}"
	ProjectSection(WebsiteProperties) = preProject
		TargetFrameworkMoniker = ".NETFramework,Version%3Dv4.6.1"
		Debug.AspNetCompiler.VirtualPath = "/localhost_50092"
		Debug.AspNetCompiler.PhysicalPath = "E:\S_Interface\s_interface_online\"
		Debug.AspNetCompiler.TargetPath = "PrecompiledWeb\localhost_50092\"
		Debug.AspNetCompiler.Updateable = "true"
		Debug.AspNetCompiler.ForceOverwrite = "true"
		Debug.AspNetCompiler.FixedNames = "false"
		Debug.AspNetCompiler.Debug = "True"
		Release.AspNetCompiler.VirtualPath = "/localhost_50092"
		Release.AspNetCompiler.PhysicalPath = "E:\S_Interface\s_interface_online\"
		Release.AspNetCompiler.TargetPath = "PrecompiledWeb\localhost_50092\"
		Release.AspNetCompiler.Updateable = "true"
		Release.AspNetCompiler.ForceOverwrite = "true"
		Release.AspNetCompiler.FixedNames = "false"
		Release.AspNetCompiler.Debug = "False"
		VWDPort = "50092"
		SlnRelativePath = "E:\S_Interface\s_interface_online\"
		DefaultWebSiteLanguage = "Visual C#"
	EndProjectSection
EndProject
Global
	GlobalSection(SolutionConfigurationPlatforms) = preSolution
		Debug|Any CPU = Debug|Any CPU
	EndGlobalSection
	GlobalSection(ProjectConfigurationPlatforms) = postSolution
		{3AF2E4F7-2440-4303-AD39-303413992428}.Debug|Any CPU.ActiveCfg = Debug|Any CPU
		{3AF2E4F7-2440-4303-AD39-303413992428}.Debug|Any CPU.Build.0 = Debug|Any CPU
	EndGlobalSection
	GlobalSection(SolutionProperties) = preSolution
		HideSolutionNode = FALSE
	EndGlobalSection
	GlobalSection(ExtensibilityGlobals) = postSolution
		SolutionGuid = {E2707D1D-89D7-49AC-AA23-AD05FB7F02D2}
	EndGlobalSection
EndGlobal
